
Microsoft Visual Studio Solution File, Format Version 12.00
# Visual Studio 15
VisualStudioVersion = 15.0.28307.168
MinimumVisualStudioVersion = 10.0.40219.1
Project("{FAE04EC0-301F-11D3-BF4B-00C04F79EFBC}") = "GuessNumber", "GuessNumber\GuessNumber.csproj", "{E3405914-6CD4-486D-BCD5-25F249662429}"
EndProject
Project("{FAE04EC0-301F-11D3-BF4B-00C04F79EFBC}") = "NameQuery", "NameQuery\NameQuery.csproj", "{15FC787B-36FE-40AD-BB89-FD6AFB6238A9}"
EndProject
Global
	GlobalSection(SolutionConfigurationPlatforms) = preSolution
		Debug|Any CPU = Debug|Any CPU
		Release|Any CPU = Release|Any CPU
	EndGlobalSection
	GlobalSection(ProjectConfigurationPlatforms) = postSolution
		{E3405914-6CD4-486D-BCD5-25F249662429}.Debug|Any CPU.ActiveCfg = Debug|Any CPU
		{E3405914-6CD4-486D-BCD5-25F249662429}.Debug|Any CPU.Build.0 = Debug|Any CPU
		{E3405914-6CD4-486D-BCD5-25F249662429}.Release|Any CPU.ActiveCfg = Release|Any CPU
		{E3405914-6CD4-486D-BCD5-25F249662429}.Release|Any CPU.Build.0 = Release|Any CPU
		{15FC787B-36FE-40AD-BB89-FD6AFB6238A9}.Debug|Any CPU.ActiveCfg = Debug|Any CPU
		{15FC787B-36FE-40AD-BB89-FD6AFB6238A9}.Debug|Any CPU.Build.0 = Debug|Any CPU
		{15FC787B-36FE-40AD-BB89-FD6AFB6238A9}.Release|Any CPU.ActiveCfg = Release|Any CPU
		{15FC787B-36FE-40AD-BB89-FD6AFB6238A9}.Release|Any CPU.Build.0 = Release|Any CPU
	EndGlobalSection
	GlobalSection(SolutionProperties) = preSolution
		HideSolutionNode = FALSE
	EndGlobalSection
	GlobalSection(ExtensibilityGlobals) = postSolution
		SolutionGuid = {90CB22CA-0101-4208-BCEF-0A45426AE2DC}
	EndGlobalSection
EndGlobal
