
Microsoft Visual Studio Solution File, Format Version 12.00
# Visual Studio 15
VisualStudioVersion = 15.0.28307.168
MinimumVisualStudioVersion = 10.0.40219.1
Project("{9092AA53-FB77-4645-B42D-1CCCA6BD08BD}") = "VisualStudioFirstApp", "VisualStudioFirstApp\VisualStudioFirstApp.njsproj", "{799D3CAC-94B4-4654-9288-256470EAD231}"
EndProject
Global
	GlobalSection(SolutionConfigurationPlatforms) = preSolution
		Debug|Any CPU = Debug|Any CPU
		Release|Any CPU = Release|Any CPU
	EndGlobalSection
	GlobalSection(ProjectConfigurationPlatforms) = postSolution
		{799D3CAC-94B4-4654-9288-256470EAD231}.Debug|Any CPU.ActiveCfg = Debug|Any CPU
		{799D3CAC-94B4-4654-9288-256470EAD231}.Debug|Any CPU.Build.0 = Debug|Any CPU
		{799D3CAC-94B4-4654-9288-256470EAD231}.Release|Any CPU.ActiveCfg = Release|Any CPU
		{799D3CAC-94B4-4654-9288-256470EAD231}.Release|Any CPU.Build.0 = Release|Any CPU
	EndGlobalSection
	GlobalSection(SolutionProperties) = preSolution
		HideSolutionNode = FALSE
	EndGlobalSection
	GlobalSection(ExtensibilityGlobals) = postSolution
		SolutionGuid = {F714F10E-6B6A-41DF-9ADC-4D5B7F10279E}
	EndGlobalSection
EndGlobal
