
Microsoft Visual Studio Solution File, Format Version 12.00
# Visual Studio 15
VisualStudioVersion = 15.0.28307.168
MinimumVisualStudioVersion = 10.0.40219.1
Project("{FAE04EC0-301F-11D3-BF4B-00C04F79EFBC}") = "Datesv2.0", "Datesv2.0\Datesv2.0.csproj", "{DF059089-DB17-41DA-BBAC-9B57FED892BB}"
EndProject
Global
	GlobalSection(SolutionConfigurationPlatforms) = preSolution
		Debug|Any CPU = Debug|Any CPU
		Release|Any CPU = Release|Any CPU
	EndGlobalSection
	GlobalSection(ProjectConfigurationPlatforms) = postSolution
		{DF059089-DB17-41DA-BBAC-9B57FED892BB}.Debug|Any CPU.ActiveCfg = Debug|Any CPU
		{DF059089-DB17-41DA-BBAC-9B57FED892BB}.Debug|Any CPU.Build.0 = Debug|Any CPU
		{DF059089-DB17-41DA-BBAC-9B57FED892BB}.Release|Any CPU.ActiveCfg = Release|Any CPU
		{DF059089-DB17-41DA-BBAC-9B57FED892BB}.Release|Any CPU.Build.0 = Release|Any CPU
	EndGlobalSection
	GlobalSection(SolutionProperties) = preSolution
		HideSolutionNode = FALSE
	EndGlobalSection
	GlobalSection(ExtensibilityGlobals) = postSolution
		SolutionGuid = {D9DB51D0-C7B9-4332-840B-F3F6081FFCBE}
	EndGlobalSection
EndGlobal
